
Microsoft Visual Studio Solution File, Format Version 12.00
# Visual Studio Version 17
VisualStudioVersion = 17.8.34330.188
MinimumVisualStudioVersion = 10.0.40219.1
Project("{FAE04EC0-301F-11D3-BF4B-00C04F79EFBC}") = "MockingJson", "MockingJson\MockingJson.csproj", "{45E5EFFD-E0E9-4D45-9C04-A3C297B83DED}"
EndProject
Global
	GlobalSection(SolutionConfigurationPlatforms) = preSolution
		Debug|Any CPU = Debug|Any CPU
		Release|Any CPU = Release|Any CPU
	EndGlobalSection
	GlobalSection(ProjectConfigurationPlatforms) = postSolution
		{45E5EFFD-E0E9-4D45-9C04-A3C297B83DED}.Debug|Any CPU.ActiveCfg = Debug|Any CPU
		{45E5EFFD-E0E9-4D45-9C04-A3C297B83DED}.Debug|Any CPU.Build.0 = Debug|Any CPU
		{45E5EFFD-E0E9-4D45-9C04-A3C297B83DED}.Release|Any CPU.ActiveCfg = Release|Any CPU
		{45E5EFFD-E0E9-4D45-9C04-A3C297B83DED}.Release|Any CPU.Build.0 = Release|Any CPU
	EndGlobalSection
	GlobalSection(SolutionProperties) = preSolution
		HideSolutionNode = FALSE
	EndGlobalSection
	GlobalSection(ExtensibilityGlobals) = postSolution
		SolutionGuid = {CACADA9C-2A5E-474A-9DF8-22DF70A55F7E}
	EndGlobalSection
EndGlobal
